Microsoft Visual Studio Solution File, Format Version 12.00
# Visual Studio 15
VisualStudioVersion = 15.0.28307.136
MinimumVisualStudioVersion = 10.0.40219.1
Project("{FAE04EC0-301F-11D3-BF4B-00C04F79EFBC}") = "YouTubeForm.Android", "YouTubeForm.Android\YouTubeForm.Android.csproj", "{60CB3100-0CD2-42D3-9622-FD5BD25FDB66}"
EndProject
Project("{FAE04EC0-301F-11D3-BF4B-00C04F79EFBC}") = "YouTubeForm.iOS", "YouTubeForm.iOS\YouTubeForm.iOS.csproj", "{AEC65033-EED3-48AE-9B2A-DF4322F9C7E3}"
EndProject
Project("{9A19103F-16F7-4668-BE54-9A1E7A4F7556}") = "YouTubeForm", "YouTubeForm\YouTubeForm.csproj", "{0E4132CE-7276-4693-8905-D0F5DD3AB97E}"
EndProject
Global
	GlobalSection(SolutionConfigurationPlatforms) = preSolution
		Ad-Hoc|Any CPU = Ad-Hoc|Any CPU
		Ad-Hoc|iPhone = Ad-Hoc|iPhone
		Ad-Hoc|iPhoneSimulator = Ad-Hoc|iPhoneSimulator
		AppStore|Any CPU = AppStore|Any CPU
		AppStore|iPhone = AppStore|iPhone
		AppStore|iPhoneSimulator = AppStore|iPhoneSimulator
		Debug|Any CPU = Debug|Any CPU
		Debug|iPhone = Debug|iPhone
		Debug|iPhoneSimulator = Debug|iPhoneSimulator
		Release|Any CPU = Release|Any CPU
		Release|iPhone = Release|iPhone
		Release|iPhoneSimulator = Release|iPhoneSimulator
	EndGlobalSection
	GlobalSection(ProjectConfigurationPlatforms) = postSolution
		{60CB3100-0CD2-42D3-9622-FD5BD25FDB66}.Ad-Hoc|Any CPU.ActiveCfg = Release|Any CPU
		{60CB3100-0CD2-42D3-9622-FD5BD25FDB66}.Ad-Hoc|Any CPU.Build.0 = Release|Any CPU
		{60CB3100-0CD2-42D3-9622-FD5BD25FDB66}.Ad-Hoc|Any CPU.Deploy.0 = Release|Any CPU
		{60CB3100-0CD2-42D3-9622-FD5BD25FDB66}.Ad-Hoc|iPhone.ActiveCfg = Debug|Any CPU
		{60CB3100-0CD2-42D3-9622-FD5BD25FDB66}.Ad-Hoc|iPhone.Build.0 = Debug|Any CPU
		{60CB3100-0CD2-42D3-9622-FD5BD25FDB66}.Ad-Hoc|iPhoneSimulator.ActiveCfg = Release|Any CPU
		{60CB3100-0CD2-42D3-9622-FD5BD25FDB66}.Ad-Hoc|iPhoneSimulator.Build.0 = Release|Any CPU
		{60CB3100-0CD2-42D3-9622-FD5BD25FDB66}.Ad-Hoc|iPhoneSimulator.Deploy.0 = Release|Any CPU
		{60CB3100-0CD2-42D3-9622-FD5BD25FDB66}.AppStore|Any CPU.ActiveCfg = Release|Any CPU
		{60CB3100-0CD2-42D3-9622-FD5BD25FDB66}.AppStore|Any CPU.Build.0 = Release|Any CPU
		{60CB3100-0CD2-42D3-9622-FD5BD25FDB66}.AppStore|Any CPU.Deploy.0 = Release|Any CPU
		{60CB3100-0CD2-42D3-9622-FD5BD25FDB66}.AppStore|iPhone.ActiveCfg = Debug|Any CPU
		{60CB3100-0CD2-42D3-9622-FD5BD25FDB66}.AppStore|iPhone.Build.0 = Debug|Any CPU
		{60CB3100-0CD2-42D3-9622-FD5BD25FDB66}.AppStore|iPhoneSimulator.ActiveCfg = Release|Any CPU
		{60CB3100-0CD2-42D3-9622-FD5BD25FDB66}.AppStore|iPhoneSimulator.Build.0 = Release|Any CPU
		{60CB3100-0CD2-42D3-9622-FD5BD25FDB66}.AppStore|iPhoneSimulator.Deploy.0 = Release|Any CPU
		{60CB3100-0CD2-42D3-9622-FD5BD25FDB66}.Debug|Any CPU.ActiveCfg = Debug|Any CPU
		{60CB3100-0CD2-42D3-9622-FD5BD25FDB66}.Debug|Any CPU.Build.0 = Debug|Any CPU
		{60CB3100-0CD2-42D3-9622-FD5BD25FDB66}.Debug|iPhone.ActiveCfg = Debug|Any CPU
		{60CB3100-0CD2-42D3-9622-FD5BD25FDB66}.Debug|iPhone.Build.0 = Debug|Any CPU
		{60CB3100-0CD2-42D3-9622-FD5BD25FDB66}.Debug|iPhoneSimulator.ActiveCfg = Debug|Any CPU
		{60CB3100-0CD2-42D3-9622-FD5BD25FDB66}.Debug|iPhoneSimulator.Build.0 = Debug|Any CPU
		{60CB3100-0CD2-42D3-9622-FD5BD25FDB66}.Release|Any CPU.ActiveCfg = Release|Any CPU
		{60CB3100-0CD2-42D3-9622-FD5BD25FDB66}.Release|Any CPU.Build.0 = Release|Any CPU
		{60CB3100-0CD2-42D3-9622-FD5BD25FDB66}.Release|iPhone.ActiveCfg = Release|Any CPU
		{60CB3100-0CD2-42D3-9622-FD5BD25FDB66}.Release|iPhone.Build.0 = Release|Any CPU
		{60CB3100-0CD2-42D3-9622-FD5BD25FDB66}.Release|iPhoneSimulator.ActiveCfg = Release|Any CPU
		{60CB3100-0CD2-42D3-9622-FD5BD25FDB66}.Release|iPhoneSimulator.Build.0 = Release|Any CPU
		{AEC65033-EED3-48AE-9B2A-DF4322F9C7E3}.Ad-Hoc|Any CPU.ActiveCfg = Ad-Hoc|iPhoneSimulator
		{AEC65033-EED3-48AE-9B2A-DF4322F9C7E3}.Ad-Hoc|iPhone.ActiveCfg = Ad-Hoc|iPhone
		{AEC65033-EED3-48AE-9B2A-DF4322F9C7E3}.Ad-Hoc|iPhone.Build.0 = Ad-Hoc|iPhone
		{AEC65033-EED3-48AE-9B2A-DF4322F9C7E3}.Ad-Hoc|iPhoneSimulator.ActiveCfg = Ad-Hoc|iPhoneSimulator
		{AEC65033-EED3-48AE-9B2A-DF4322F9C7E3}.Ad-Hoc|iPhoneSimulator.Build.0 = Ad-Hoc|iPhoneSimulator
		{AEC65033-EED3-48AE-9B2A-DF4322F9C7E3}.AppStore|Any CPU.ActiveCfg = AppStore|iPhoneSimulator
		{AEC65033-EED3-48AE-9B2A-DF4322F9C7E3}.AppStore|iPhone.ActiveCfg = AppStore|iPhone
		{AEC65033-EED3-48AE-9B2A-DF4322F9C7E3}.AppStore|iPhone.Build.0 = AppStore|iPhone
		{AEC65033-EED3-48AE-9B2A-DF4322F9C7E3}.AppStore|iPhoneSimulator.ActiveCfg = AppStore|iPhoneSimulator
		{AEC65033-EED3-48AE-9B2A-DF4322F9C7E3}.AppStore|iPhoneSimulator.Build.0 = AppStore|iPhoneSimulator
		{AEC65033-EED3-48AE-9B2A-DF4322F9C7E3}.Debug|Any CPU.ActiveCfg = Debug|iPhoneSimulator
		{AEC65033-EED3-48AE-9B2A-DF4322F9C7E3}.Debug|Any CPU.Build.0 = Debug|iPhoneSimulator
		{AEC65033-EED3-48AE-9B2A-DF4322F9C7E3}.Debug|iPhone.ActiveCfg = Debug|iPhone
		{AEC65033-EED3-48AE-9B2A-DF4322F9C7E3}.Debug|iPhone.Build.0 = Debug|iPhone
		{AEC65033-EED3-48AE-9B2A-DF4322F9C7E3}.Debug|iPhoneSimulator.ActiveCfg = Debug|iPhoneSimulator
		{AEC65033-EED3-48AE-9B2A-DF4322F9C7E3}.Debug|iPhoneSimulator.Build.0 = Debug|iPhoneSimulator
		{AEC65033-EED3-48AE-9B2A-DF4322F9C7E3}.Release|Any CPU.ActiveCfg = Release|iPhoneSimulator
		{AEC65033-EED3-48AE-9B2A-DF4322F9C7E3}.Release|Any CPU.Build.0 = Release|iPhoneSimulator
		{AEC65033-EED3-48AE-9B2A-DF4322F9C7E3}.Release|iPhone.ActiveCfg = Release|iPhone
		{AEC65033-EED3-48AE-9B2A-DF4322F9C7E3}.Release|iPhone.Build.0 = Release|iPhone
		{AEC65033-EED3-48AE-9B2A-DF4322F9C7E3}.Release|iPhoneSimulator.ActiveCfg = Release|iPhoneSimulator
		{AEC65033-EED3-48AE-9B2A-DF4322F9C7E3}.Release|iPhoneSimulator.Build.0 = Release|iPhoneSimulator
		{0E4132CE-7276-4693-8905-D0F5DD3AB97E}.Ad-Hoc|Any CPU.ActiveCfg = Release|Any CPU
		{0E4132CE-7276-4693-8905-D0F5DD3AB97E}.Ad-Hoc|Any CPU.Build.0 = Release|Any CPU
		{0E4132CE-7276-4693-8905-D0F5DD3AB97E}.Ad-Hoc|iPhone.ActiveCfg = Debug|Any CPU
		{0E4132CE-7276-4693-8905-D0F5DD3AB97E}.Ad-Hoc|iPhone.Build.0 = Debug|Any CPU
		{0E4132CE-7276-4693-8905-D0F5DD3AB97E}.Ad-Hoc|iPhoneSimulator.ActiveCfg = Release|Any CPU
		{0E4132CE-7276-4693-8905-D0F5DD3AB97E}.Ad-Hoc|iPhoneSimulator.Build.0 = Release|Any CPU
		{0E4132CE-7276-4693-8905-D0F5DD3AB97E}.AppStore|Any CPU.ActiveCfg = Release|Any CPU
		{0E4132CE-7276-4693-8905-D0F5DD3AB97E}.AppStore|Any CPU.Build.0 = Release|Any CPU
		{0E4132CE-7276-4693-8905-D0F5DD3AB97E}.AppStore|iPhone.ActiveCfg = Debug|Any CPU
		{0E4132CE-7276-4693-8905-D0F5DD3AB97E}.AppStore|iPhone.Build.0 = Debug|Any CPU
		{0E4132CE-7276-4693-8905-D0F5DD3AB97E}.AppStore|iPhoneSimulator.ActiveCfg = Release|Any CPU
		{0E4132CE-7276-4693-8905-D0F5DD3AB97E}.AppStore|iPhoneSimulator.Build.0 = Release|Any CPU
		{0E4132CE-7276-4693-8905-D0F5DD3AB97E}.Debug|Any CPU.ActiveCfg = Debug|Any CPU
		{0E4132CE-7276-4693-8905-D0F5DD3AB97E}.Debug|Any CPU.Build.0 = Debug|Any CPU
		{0E4132CE-7276-4693-8905-D0F5DD3AB97E}.Debug|iPhone.ActiveCfg = Debug|Any CPU
		{0E4132CE-7276-4693-8905-D0F5DD3AB97E}.Debug|iPhone.Build.0 = Debug|Any CPU
		{0E4132CE-7276-4693-8905-D0F5DD3AB97E}.Debug|iPhoneSimulator.ActiveCfg = Debug|Any CPU
		{0E4132CE-7276-4693-8905-D0F5DD3AB97E}.Debug|iPhoneSimulator.Build.0 = Debug|Any CPU
		{0E4132CE-7276-4693-8905-D0F5DD3AB97E}.Release|Any CPU.ActiveCfg = Release|Any CPU
		{0E4132CE-7276-4693-8905-D0F5DD3AB97E}.Release|Any CPU.Build.0 = Release|Any CPU
		{0E4132CE-7276-4693-8905-D0F5DD3AB97E}.Release|iPhone.ActiveCfg = Release|Any CPU
		{0E4132CE-7276-4693-8905-D0F5DD3AB97E}.Release|iPhone.Build.0 = Release|Any CPU
		{0E4132CE-7276-4693-8905-D0F5DD3AB97E}.Release|iPhoneSimulator.ActiveCfg = Release|Any CPU
		{0E4132CE-7276-4693-8905-D0F5DD3AB97E}.Release|iPhoneSimulator.Build.0 = Release|Any CPU
	EndGlobalSection
	GlobalSection(SolutionProperties) = preSolution
		HideSolutionNode = FALSE
	EndGlobalSection
	GlobalSection(ExtensibilityGlobals) = postSolution
		SolutionGuid = {821A050D-904B-4555-98D7-2101BE7CCDC2}
	EndGlobalSection
EndGlobal
